
Microsoft Visual Studio Solution File, Format Version 12.00
# Visual Studio Version 17
VisualStudioVersion = 17.0.31903.59
MinimumVisualStudioVersion = 10.0.40219.1
Project("{FAE04EC0-301F-11D3-BF4B-00C04F79EFBC}") = "ThePackage", "ThePackage\ThePackage.csproj", "{29F0AC89-1339-436B-83AA-10BC46517DA6}"
EndProject
Project("{FAE04EC0-301F-11D3-BF4B-00C04F79EFBC}") = "ConsumingThePackage", "ConsumingThePackage\ConsumingThePackage.csproj", "{B0E25C9B-3D18-4FB6-9FD8-0AA6801B8DAA}"
EndProject
Global
	GlobalSection(SolutionConfigurationPlatforms) = preSolution
		Debug|Any CPU = Debug|Any CPU
		Release|Any CPU = Release|Any CPU
	EndGlobalSection
	GlobalSection(SolutionProperties) = preSolution
		HideSolutionNode = FALSE
	EndGlobalSection
	GlobalSection(ProjectConfigurationPlatforms) = postSolution
		{29F0AC89-1339-436B-83AA-10BC46517DA6}.Debug|Any CPU.ActiveCfg = Debug|Any CPU
		{29F0AC89-1339-436B-83AA-10BC46517DA6}.Debug|Any CPU.Build.0 = Debug|Any CPU
		{29F0AC89-1339-436B-83AA-10BC46517DA6}.Release|Any CPU.ActiveCfg = Release|Any CPU
		{29F0AC89-1339-436B-83AA-10BC46517DA6}.Release|Any CPU.Build.0 = Release|Any CPU
		{B0E25C9B-3D18-4FB6-9FD8-0AA6801B8DAA}.Debug|Any CPU.ActiveCfg = Debug|Any CPU
		{B0E25C9B-3D18-4FB6-9FD8-0AA6801B8DAA}.Debug|Any CPU.Build.0 = Debug|Any CPU
		{B0E25C9B-3D18-4FB6-9FD8-0AA6801B8DAA}.Release|Any CPU.ActiveCfg = Release|Any CPU
		{B0E25C9B-3D18-4FB6-9FD8-0AA6801B8DAA}.Release|Any CPU.Build.0 = Release|Any CPU
	EndGlobalSection
EndGlobal
